{
    "_readme": [
        "This file locks the dependencies of your project to a known state",
        "Read more about it at https://getcomposer.org/doc/01-basic-usage.md#installing-dependencies",
        "This file is @generated automatically"
    ],
    "content-hash": "b45854c4a70b22f3585ee6127949069e",
    "packages": [
        {
            "name": "jankx/admin",
            "version": "dev-master",
            "source": {
                "type": "git",
                "url": "https://github.com/jankx/admin.git",
                "reference": "7eff8e4fd8ff2ed3d87535a680250e8a0ac08d20"
            },
            "dist": {
                "type": "zip",
                "url": "https://api.github.com/repos/jankx/admin/zipball/7eff8e4fd8ff2ed3d87535a680250e8a0ac08d20",
                "reference": "7eff8e4fd8ff2ed3d87535a680250e8a0ac08d20",
                "shasum": ""
            },
            "type": "library",
            "autoload": {
                "psr-4": {
                    "Jankx\\Admin\\": "src/"
                }
            },
            "notification-url": "https://packagist.org/downloads/",
            "license": [
                "MIT"
            ],
            "authors": [
                {
                    "name": "Puleeno Nguyen",
                    "email": "puleeno@gmail.com"
                }
            ],
            "description": "The Jankx admin framework is a partial of Jankx theme framework",
            "time": "2019-08-17T04:31:36+00:00"
        },
        {
            "name": "jankx/asset",
            "version": "dev-master",
            "source": {
                "type": "git",
                "url": "https://github.com/jankx/asset.git",
                "reference": "d3e733506805cb5d6bedd568ab8070a34d9d315c"
            },
            "dist": {
                "type": "zip",
                "url": "https://api.github.com/repos/jankx/asset/zipball/d3e733506805cb5d6bedd568ab8070a34d9d315c",
                "reference": "d3e733506805cb5d6bedd568ab8070a34d9d315c",
                "shasum": ""
            },
            "type": "library",
            "autoload": {
                "psr-4": {
                    "Jankx\\Asset\\": "src/"
                }
            },
            "notification-url": "https://packagist.org/downloads/",
            "license": [
                "MIT"
            ],
            "authors": [
                {
                    "name": "Puleeno Nguyen",
                    "email": "puleeno@gmail.com"
                }
            ],
            "description": "Jankx Assets is used to manage CSS, JS, libraries with beautiful syntax",
            "time": "2020-02-24T15:27:18+00:00"
        },
        {
            "name": "jankx/data-type",
            "version": "dev-master",
            "source": {
                "type": "git",
                "url": "https://github.com/jankx/data-type.git",
                "reference": "6f7e12b203e73860bb25ae5fb0ad9fb94a8bc66d"
            },
            "dist": {
                "type": "zip",
                "url": "https://api.github.com/repos/jankx/data-type/zipball/6f7e12b203e73860bb25ae5fb0ad9fb94a8bc66d",
                "reference": "6f7e12b203e73860bb25ae5fb0ad9fb94a8bc66d",
                "shasum": ""
            },
            "require": {
                "jankx/field": "dev-master"
            },
            "type": "library",
            "autoload": {
                "psr-4": {
                    "Jankx\\DataType\\": "src/"
                }
            },
            "notification-url": "https://packagist.org/downloads/",
            "license": [
                "MIT"
            ],
            "authors": [
                {
                    "name": "Puleeno Nguyen",
                    "email": "puleeno@gmail.com"
                }
            ],
            "description": "WordPress data types such as: custom post type, taxonoxy, metas,etc",
            "time": "2019-07-15T04:58:51+00:00"
        },
        {
            "name": "jankx/field",
            "version": "dev-master",
            "source": {
                "type": "git",
                "url": "https://github.com/jankx/field.git",
                "reference": "0028ad5b271f7e1b0fa7bd7251a4efde92c6a936"
            },
            "dist": {
                "type": "zip",
                "url": "https://api.github.com/repos/jankx/field/zipball/0028ad5b271f7e1b0fa7bd7251a4efde92c6a936",
                "reference": "0028ad5b271f7e1b0fa7bd7251a4efde92c6a936",
                "shasum": ""
            },
            "type": "library",
            "autoload": {
                "psr-4": {
                    "Jankx\\Fields\\": "src/"
                }
            },
            "notification-url": "https://packagist.org/downloads/",
            "license": [
                "MIT"
            ],
            "authors": [
                {
                    "name": "Puleeno Nguyen",
                    "email": "puleeno@gmail.com"
                }
            ],
            "description": "Jankx Fields is a simple framework used to create meta box, settings, form, etc",
            "time": "2019-07-15T04:42:51+00:00"
        },
        {
            "name": "jankx/helpers",
            "version": "dev-master",
            "source": {
                "type": "git",
                "url": "https://github.com/jankx/helpers.git",
                "reference": "9a0c99891f349eda61911bd75506ceb58f5c4f8d"
            },
            "dist": {
                "type": "zip",
                "url": "https://api.github.com/repos/jankx/helpers/zipball/9a0c99891f349eda61911bd75506ceb58f5c4f8d",
                "reference": "9a0c99891f349eda61911bd75506ceb58f5c4f8d",
                "shasum": ""
            },
            "type": "library",
            "autoload": {
                "files": [
                    "src/helpers.php"
                ]
            },
            "notification-url": "https://packagist.org/downloads/",
            "license": [
                "MIT"
            ],
            "authors": [
                {
                    "name": "Puleeno Nguyen",
                    "email": "puleeno@gmail.com"
                }
            ],
            "description": "The helpers for Jankx Framework",
            "time": "2020-02-26T13:38:51+00:00"
        },
        {
            "name": "jankx/human-number",
            "version": "dev-master",
            "source": {
                "type": "git",
                "url": "https://github.com/jankx/human-number.git",
                "reference": "9ea36f817f2c4c10a088a74a48ce31b2cda5bca7"
            },
            "dist": {
                "type": "zip",
                "url": "https://api.github.com/repos/jankx/human-number/zipball/9ea36f817f2c4c10a088a74a48ce31b2cda5bca7",
                "reference": "9ea36f817f2c4c10a088a74a48ce31b2cda5bca7",
                "shasum": ""
            },
            "type": "library",
            "autoload": {
                "psr-4": {
                    "Jankx\\HumanNumber\\": "src/"
                },
                "files": [
                    "helpers.php"
                ]
            },
            "notification-url": "https://packagist.org/downloads/",
            "license": [
                "MIT"
            ],
            "authors": [
                {
                    "name": "Puleeno Nguyen",
                    "email": "puleeno@gmail.com"
                }
            ],
            "description": "Friendly number for human can read easiler.",
            "time": "2019-10-25T18:15:32+00:00"
        },
        {
            "name": "jankx/option",
            "version": "dev-master",
            "source": {
                "type": "git",
                "url": "https://github.com/jankx/option.git",
                "reference": "35772d23a6acede520260d86bbb6e6c726dfe7e2"
            },
            "dist": {
                "type": "zip",
                "url": "https://api.github.com/repos/jankx/option/zipball/35772d23a6acede520260d86bbb6e6c726dfe7e2",
                "reference": "35772d23a6acede520260d86bbb6e6c726dfe7e2",
                "shasum": ""
            },
            "type": "library",
            "autoload": {
                "psr-4": {
                    "Jankx\\Option\\": "src/"
                }
            },
            "notification-url": "https://packagist.org/downloads/",
            "license": [
                "MIT"
            ],
            "authors": [
                {
                    "name": "Puleeno Nguyen",
                    "email": "puleeno@gmail.com"
                }
            ],
            "description": "Jankx options usable to create the theme, add-on options integrate with your loved option frameworks",
            "time": "2019-10-26T03:24:13+00:00"
        },
        {
            "name": "jankx/template",
            "version": "dev-master",
            "source": {
                "type": "git",
                "url": "https://github.com/jankx/template.git",
                "reference": "52306a7610e832a33d0f21389da69dc7153b7647"
            },
            "dist": {
                "type": "zip",
                "url": "https://api.github.com/repos/jankx/template/zipball/52306a7610e832a33d0f21389da69dc7153b7647",
                "reference": "52306a7610e832a33d0f21389da69dc7153b7647",
                "shasum": ""
            },
            "require": {
                "jankx/asset": "dev-master",
                "jankx/ui-framework": "dev-master"
            },
            "type": "library",
            "autoload": {
                "psr-4": {
                    "Jankx\\Template\\": "src/"
                }
            },
            "notification-url": "https://packagist.org/downloads/",
            "license": [
                "MIT"
            ],
            "authors": [
                {
                    "name": "Puleeno Nguyen",
                    "email": "puleeno@gmail.com"
                }
            ],
            "description": "Jankx template manager usable to load template with support override, caching",
            "time": "2020-02-23T06:52:08+00:00"
        },
        {
            "name": "jankx/ui-framework",
            "version": "dev-master",
            "source": {
                "type": "git",
                "url": "https://github.com/jankx/ui-framework.git",
                "reference": "bedf5ec3b7f7d5437d8fab36f2a6acd1eb0e9a01"
            },
            "dist": {
                "type": "zip",
                "url": "https://api.github.com/repos/jankx/ui-framework/zipball/bedf5ec3b7f7d5437d8fab36f2a6acd1eb0e9a01",
                "reference": "bedf5ec3b7f7d5437d8fab36f2a6acd1eb0e9a01",
                "shasum": ""
            },
            "type": "library",
            "autoload": {
                "psr-4": {
                    "Jankx\\UI\\": "src/"
                }
            },
            "notification-url": "https://packagist.org/downloads/",
            "license": [
                "MIT"
            ],
            "authors": [
                {
                    "name": "Puleeno Nguyen",
                    "email": "puleeno@gmail.com"
                }
            ],
            "description": "Jankx UI framework integrate with popular CSS frameworks",
            "time": "2020-01-13T03:44:54+00:00"
        }
    ],
    "packages-dev": [],
    "aliases": [],
    "minimum-stability": "dev",
    "stability-flags": {
        "jankx/admin": 20,
        "jankx/field": 20,
        "jankx/option": 20,
        "jankx/asset": 20,
        "jankx/template": 20,
        "jankx/ui-framework": 20,
        "jankx/data-type": 20,
        "jankx/human-number": 20,
        "jankx/helpers": 20
    },
    "prefer-stable": false,
    "prefer-lowest": false,
    "platform": [],
    "platform-dev": []
}
